
Microsoft Visual Studio Solution File, Format Version 12.00
# Visual Studio Version 16
VisualStudioVersion = 16.0.29215.179
MinimumVisualStudioVersion = 10.0.40219.1
Project("{FAE04EC0-301F-11D3-BF4B-00C04F79EFBC}") = "SierraHOTAS", "src\SierraHOTAS.csproj", "{5F2E2862-7836-4512-AA06-5F5EAE943AEE}"
EndProject
Project("{FAE04EC0-301F-11D3-BF4B-00C04F79EFBC}") = "SierraHOTAS.Tests", "tests\SierraHOTAS.Tests.csproj", "{CFC5AC9F-657C-4BF2-A180-9C6BFD4C8E32}"
EndProject
Project("{54435603-DBB4-11D2-8724-00A0C9A8B90C}") = "SierraHOTASInstaller", "installer\SierraHOTASInstaller\SierraHOTASInstaller.vdproj", "{AD8D9446-8A17-4BF2-B15A-16F82C02C575}"
EndProject
Global
	GlobalSection(SolutionConfigurationPlatforms) = preSolution
		Debug|Any CPU = Debug|Any CPU
		Release|Any CPU = Release|Any CPU
	EndGlobalSection
	GlobalSection(ProjectConfigurationPlatforms) = postSolution
		{5F2E2862-7836-4512-AA06-5F5EAE943AEE}.Debug|Any CPU.ActiveCfg = Debug|Any CPU
		{5F2E2862-7836-4512-AA06-5F5EAE943AEE}.Debug|Any CPU.Build.0 = Debug|Any CPU
		{5F2E2862-7836-4512-AA06-5F5EAE943AEE}.Release|Any CPU.ActiveCfg = Release|Any CPU
		{5F2E2862-7836-4512-AA06-5F5EAE943AEE}.Release|Any CPU.Build.0 = Release|Any CPU
		{CFC5AC9F-657C-4BF2-A180-9C6BFD4C8E32}.Debug|Any CPU.ActiveCfg = Debug|Any CPU
		{CFC5AC9F-657C-4BF2-A180-9C6BFD4C8E32}.Debug|Any CPU.Build.0 = Debug|Any CPU
		{CFC5AC9F-657C-4BF2-A180-9C6BFD4C8E32}.Release|Any CPU.ActiveCfg = Release|Any CPU
		{CFC5AC9F-657C-4BF2-A180-9C6BFD4C8E32}.Release|Any CPU.Build.0 = Release|Any CPU
		{AD8D9446-8A17-4BF2-B15A-16F82C02C575}.Debug|Any CPU.ActiveCfg = Debug
		{AD8D9446-8A17-4BF2-B15A-16F82C02C575}.Release|Any CPU.ActiveCfg = Release
		{AD8D9446-8A17-4BF2-B15A-16F82C02C575}.Release|Any CPU.Build.0 = Release
	EndGlobalSection
	GlobalSection(SolutionProperties) = preSolution
		HideSolutionNode = FALSE
	EndGlobalSection
	GlobalSection(ExtensibilityGlobals) = postSolution
		SolutionGuid = {3B66C027-41FA-4600-91A7-3974CCCD2A8D}
	EndGlobalSection
EndGlobal
